
Microsoft Visual Studio Solution File, Format Version 12.00
# Visual Studio Version 17
VisualStudioVersion = 17.0.32014.148
MinimumVisualStudioVersion = 10.0.40219.1
Project("{FAE04EC0-301F-11D3-BF4B-00C04F79EFBC}") = "health_fitness", "health_fitness\health_fitness.csproj", "{12720880-C233-4A08-A22A-5F47CE7CD85B}"
EndProject
Global
	GlobalSection(SolutionConfigurationPlatforms) = preSolution
		Debug|Any CPU = Debug|Any CPU
		Release|Any CPU = Release|Any CPU
	EndGlobalSection
	GlobalSection(ProjectConfigurationPlatforms) = postSolution
		{12720880-C233-4A08-A22A-5F47CE7CD85B}.Debug|Any CPU.ActiveCfg = Debug|Any CPU
		{12720880-C233-4A08-A22A-5F47CE7CD85B}.Debug|Any CPU.Build.0 = Debug|Any CPU
		{12720880-C233-4A08-A22A-5F47CE7CD85B}.Release|Any CPU.ActiveCfg = Release|Any CPU
		{12720880-C233-4A08-A22A-5F47CE7CD85B}.Release|Any CPU.Build.0 = Release|Any CPU
	EndGlobalSection
	GlobalSection(SolutionProperties) = preSolution
		HideSolutionNode = FALSE
	EndGlobalSection
	GlobalSection(ExtensibilityGlobals) = postSolution
		SolutionGuid = {88EFC58E-179B-4C07-A033-A79171819A12}
	EndGlobalSection
EndGlobal
